PODS:
  - Flutter (1.0.0)
  - FlutterPluginRegistrant (0.0.1):
    - Flutter

DEPENDENCIES:
  - Flutter (from `../transparency/.ios/Flutter`)
  - FlutterPluginRegistrant (from `../transparency/.ios/Flutter/FlutterPluginRegistrant`)

EXTERNAL SOURCES:
  Flutter:
    :path: "../transparency/.ios/Flutter"
  FlutterPluginRegistrant:
    :path: "../transparency/.ios/Flutter/FlutterPluginRegistrant"

SPEC CHECKSUMS:
  Flutter: f04841e97a9d0b0a8025694d0796dd46242b2854
  FlutterPluginRegistrant: 58acfb6cb31ee4ca14f920aba101815efda113ee

PODFILE CHECKSUM: abf48189497f2e190e4d33ee1f1c3ec48bc858c9

COCOAPODS: 1.11.3
